
Microsoft Visual Studio Solution File, Format Version 12.00
Project("{FAE04EC0-301F-11D3-BF4B-00C04F79EFBC}") = "PlugOperator", "src\PlugOperator\PlugOperator.csproj", "{3A238306-4813-4C5A-8C8A-10217AD33D31}"
EndProject
Global
	GlobalSection(SolutionConfigurationPlatforms) = preSolution
		Debug|Any CPU = Debug|Any CPU
		Release|Any CPU = Release|Any CPU
	EndGlobalSection
	GlobalSection(ProjectConfigurationPlatforms) = postSolution
		{3A238306-4813-4C5A-8C8A-10217AD33D31}.Debug|Any CPU.ActiveCfg = Debug|Any CPU
		{3A238306-4813-4C5A-8C8A-10217AD33D31}.Debug|Any CPU.Build.0 = Debug|Any CPU
		{3A238306-4813-4C5A-8C8A-10217AD33D31}.Release|Any CPU.ActiveCfg = Release|Any CPU
		{3A238306-4813-4C5A-8C8A-10217AD33D31}.Release|Any CPU.Build.0 = Release|Any CPU
	EndGlobalSection
EndGlobal
